// !$*UTF8*$!
{
	archiveVersion = 1;
	classes = {
	};
	objectVersion = 50;
	objects = {

/* Begin PBXBuildFile section */
		1FF2D7F6563FAC4031C783A6 /* Pods_Flix.framework in Frameworks */ = {isa = PBXBuildFile; fileRef = BA904E255AB52FBCF9380770 /* Pods_Flix.framework */; };
		5D3F23E8A1A551E658B01E01 /* Pods_FlixTests.framework in Frameworks */ = {isa = PBXBuildFile; fileRef = 29CCD1E0B26A2EBBDFD75649 /* Pods_FlixTests.framework */; };
		A64196472140352C00F5F948 /* AppDelegate.swift in Sources */ = {isa = PBXBuildFile; fileRef = A64196462140352C00F5F948 /* AppDelegate.swift */; };
		A641964C2140352C00F5F948 /* Main.storyboard in Resources */ = {isa = PBXBuildFile; fileRef = A641964A2140352C00F5F948 /* Main.storyboard */; };
		A641964E2140353C00F5F948 /* Assets.xcassets in Resources */ = {isa = PBXBuildFile; fileRef = A641964D2140353C00F5F948 /* Assets.xcassets */; };
		A64196512140353C00F5F948 /* LaunchScreen.storyboard in Resources */ = {isa = PBXBuildFile; fileRef = A641964F2140353C00F5F948 /* LaunchScreen.storyboard */; };
		A641965C2140353E00F5F948 /* FlixTests.swift in Sources */ = {isa = PBXBuildFile; fileRef = A641965B2140353E00F5F948 /* FlixTests.swift */; };
		A64196672140353E00F5F948 /* FlixUITests.swift in Sources */ = {isa = PBXBuildFile; fileRef = A64196662140353E00F5F948 /* FlixUITests.swift */; };
		A641967521403D5B00F5F948 /* NowPlayingViewController.swift in Sources */ = {isa = PBXBuildFile; fileRef = A641967421403D5B00F5F948 /* NowPlayingViewController.swift */; };
		A6F3E2322148BBC00038BA53 /* MovieCell.swift in Sources */ = {isa = PBXBuildFile; fileRef = A6F3E2312148BBC00038BA53 /* MovieCell.swift */; };
		B8CFFF0218302EE22714F724 /* Pods_FlixUITests.framework in Frameworks */ = {isa = PBXBuildFile; fileRef = 1AB7497DBDDD54728920A88B /* Pods_FlixUITests.framework */; };
/* End PBXBuildFile section */

/* Begin PBXContainerItemProxy section */
		A64196582140353D00F5F948 /* PBXContainerItemProxy */ = {
			isa = PBXContainerItemProxy;
			containerPortal = A641963B2140352B00F5F948 /* Project object */;
			proxyType = 1;
			remoteGlobalIDString = A64196422140352B00F5F948;
			remoteInfo = Flix;
		};
		A64196632140353E00F5F948 /* PBXContainerItemProxy */ = {
			isa = PBXContainerItemProxy;
			containerPortal = A641963B2140352B00F5F948 /* Project object */;
			proxyType = 1;
			remoteGlobalIDString = A64196422140352B00F5F948;
			remoteInfo = Flix;
		};
/* End PBXContainerItemProxy section */

/* Begin PBXFileReference section */
		0705E9AA69F5935A096AE29C /* Pods-Flix.release.xcconfig */ = {isa = PBXFileReference; includeInIndex = 1; lastKnownFileType = text.xcconfig; name = "Pods-Flix.release.xcconfig"; path = "Pods/Target Support Files/Pods-Flix/Pods-Flix.release.xcconfig"; sourceTree = "<group>"; };
		166B5CD9BE162842D4320EFC /* Pods-FlixUITests.release.xcconfig */ = {isa = PBXFileReference; includeInIndex = 1; lastKnownFileType = text.xcconfig; name = "Pods-FlixUITests.release.xcconfig"; path = "Pods/Target Support Files/Pods-FlixUITests/Pods-FlixUITests.release.xcconfig"; sourceTree = "<group>"; };
		1AB7497DBDDD54728920A88B /* Pods_FlixUITests.framework */ = {isa = PBXFileReference; explicitFileType = wrapper.framework; includeInIndex = 0; path = Pods_FlixUITests.framework; sourceTree = BUILT_PRODUCTS_DIR; };
		29CCD1E0B26A2EBBDFD75649 /* Pods_FlixTests.framework */ = {isa = PBXFileReference; explicitFileType = wrapper.framework; includeInIndex = 0; path = Pods_FlixTests.framework; sourceTree = BUILT_PRODUCTS_DIR; };
		2BC96A302D69E3ED949D0B06 /* Pods-FlixTests.debug.xcconfig */ = {isa = PBXFileReference; includeInIndex = 1; lastKnownFileType = text.xcconfig; name = "Pods-FlixTests.debug.xcconfig"; path = "Pods/Target Support Files/Pods-FlixTests/Pods-FlixTests.debug.xcconfig"; sourceTree = "<group>"; };
		3A6FCFDAC6499475C6A2ED29 /* Pods-FlixUITests.debug.xcconfig */ = {isa = PBXFileReference; includeInIndex = 1; lastKnownFileType = text.xcconfig; name = "Pods-FlixUITests.debug.xcconfig"; path = "Pods/Target Support Files/Pods-FlixUITests/Pods-FlixUITests.debug.xcconfig"; sourceTree = "<group>"; };
		78799AAC861F76C00DE21CA1 /* Pods-FlixTests.release.xcconfig */ = {isa = PBXFileReference; includeInIndex = 1; lastKnownFileType = text.xcconfig; name = "Pods-FlixTests.release.xcconfig"; path = "Pods/Target Support Files/Pods-FlixTests/Pods-FlixTests.release.xcconfig"; sourceTree = "<group>"; };
		A0989F69CC8B2D473097657C /* Pods-Flix.debug.xcconfig */ = {isa = PBXFileReference; includeInIndex = 1; lastKnownFileType = text.xcconfig; name = "Pods-Flix.debug.xcconfig"; path = "Pods/Target Support Files/Pods-Flix/Pods-Flix.debug.xcconfig"; sourceTree = "<group>"; };
		A64196432140352B00F5F948 /* Flix.app */ = {isa = PBXFileReference; explicitFileType = wrapper.application; includeInIndex = 0; path = Flix.app; sourceTree = BUILT_PRODUCTS_DIR; };
		A64196462140352C00F5F948 /* AppDelegate.swift */ = {isa = PBXFileReference; lastKnownFileType = sourcecode.swift; path = AppDelegate.swift; sourceTree = "<group>"; };
		A641964B2140352C00F5F948 /* Base */ = {isa = PBXFileReference; lastKnownFileType = file.storyboard; name = Base; path = Base.lproj/Main.storyboard; sourceTree = "<group>"; };
		A641964D2140353C00F5F948 /* Assets.xcassets */ = {isa = PBXFileReference; lastKnownFileType = folder.assetcatalog; path = Assets.xcassets; sourceTree = "<group>"; };
		A64196502140353C00F5F948 /* Base */ = {isa = PBXFileReference; lastKnownFileType = file.storyboard; name = Base; path = Base.lproj/LaunchScreen.storyboard; sourceTree = "<group>"; };
		A64196522140353D00F5F948 /* Info.plist */ = {isa = PBXFileReference; lastKnownFileType = text.plist.xml; path = Info.plist; sourceTree = "<group>"; };
		A64196572140353D00F5F948 /* FlixTests.xctest */ = {isa = PBXFileReference; explicitFileType = wrapper.cfbundle; includeInIndex = 0; path = FlixTests.xctest; sourceTree = BUILT_PRODUCTS_DIR; };
		A641965B2140353E00F5F948 /* FlixTests.swift */ = {isa = PBXFileReference; lastKnownFileType = sourcecode.swift; path = FlixTests.swift; sourceTree = "<group>"; };
		A641965D2140353E00F5F948 /* Info.plist */ = {isa = PBXFileReference; lastKnownFileType = text.plist.xml; path = Info.plist; sourceTree = "<group>"; };
		A64196622140353E00F5F948 /* FlixUITests.xctest */ = {isa = PBXFileReference; explicitFileType = wrapper.cfbundle; includeInIndex = 0; path = FlixUITests.xctest; sourceTree = BUILT_PRODUCTS_DIR; };
		A64196662140353E00F5F948 /* FlixUITests.swift */ = {isa = PBXFileReference; lastKnownFileType = sourcecode.swift; path = FlixUITests.swift; sourceTree = "<group>"; };
		A64196682140353E00F5F948 /* Info.plist */ = {isa = PBXFileReference; lastKnownFileType = text.plist.xml; path = Info.plist; sourceTree = "<group>"; };
		A641967421403D5B00F5F948 /* NowPlayingViewController.swift */ = {isa = PBXFileReference; lastKnownFileType = sourcecode.swift; path = NowPlayingViewController.swift; sourceTree = "<group>"; };
		A6F3E2312148BBC00038BA53 /* MovieCell.swift */ = {isa = PBXFileReference; lastKnownFileType = sourcecode.swift; path = MovieCell.swift; sourceTree = "<group>"; };
		BA904E255AB52FBCF9380770 /* Pods_Flix.framework */ = {isa = PBXFileReference; explicitFileType = wrapper.framework; includeInIndex = 0; path = Pods_Flix.framework; sourceTree = BUILT_PRODUCTS_DIR; };
/* End PBXFileReference section */

/* Begin PBXFrameworksBuildPhase section */
		A64196402140352B00F5F948 /* Frameworks */ = {
			isa = PBXFrameworksBuildPhase;
			buildActionMask = 2147483647;
			files = (
				1FF2D7F6563FAC4031C783A6 /* Pods_Flix.framework in Frameworks */,
			);
			runOnlyForDeploymentPostprocessing = 0;
		};
		A64196542140353D00F5F948 /* Frameworks */ = {
			isa = PBXFrameworksBuildPhase;
			buildActionMask = 2147483647;
			files = (
				5D3F23E8A1A551E658B01E01 /* Pods_FlixTests.framework in Frameworks */,
			);
			runOnlyForDeploymentPostprocessing = 0;
		};
		A641965F2140353E00F5F948 /* Frameworks */ = {
			isa = PBXFrameworksBuildPhase;
			buildActionMask = 2147483647;
			files = (
				B8CFFF0218302EE22714F724 /* Pods_FlixUITests.framework in Frameworks */,
			);
			runOnlyForDeploymentPostprocessing = 0;
		};
/* End PBXFrameworksBuildPhase section */

/* Begin PBXGroup section */
		654F415A89CBEC58ABA81372 /* Pods */ = {
			isa = PBXGroup;
			children = (
				A0989F69CC8B2D473097657C /* Pods-Flix.debug.xcconfig */,
				0705E9AA69F5935A096AE29C /* Pods-Flix.release.xcconfig */,
				2BC96A302D69E3ED949D0B06 /* Pods-FlixTests.debug.xcconfig */,
				78799AAC861F76C00DE21CA1 /* Pods-FlixTests.release.xcconfig */,
				3A6FCFDAC6499475C6A2ED29 /* Pods-FlixUITests.debug.xcconfig */,
				166B5CD9BE162842D4320EFC /* Pods-FlixUITests.release.xcconfig */,
			);
			name = Pods;
			sourceTree = "<group>";
		};
		A2C6ACFF2772BB4D54BA2F15 /* Frameworks */ = {
			isa = PBXGroup;
			children = (
				BA904E255AB52FBCF9380770 /* Pods_Flix.framework */,
				29CCD1E0B26A2EBBDFD75649 /* Pods_FlixTests.framework */,
				1AB7497DBDDD54728920A88B /* Pods_FlixUITests.framework */,
			);
			name = Frameworks;
			sourceTree = "<group>";
		};
		A641963A2140352B00F5F948 = {
			isa = PBXGroup;
			children = (
				A64196452140352C00F5F948 /* Flix */,
				A641965A2140353E00F5F948 /* FlixTests */,
				A64196652140353E00F5F948 /* FlixUITests */,
				A64196442140352B00F5F948 /* Products */,
				654F415A89CBEC58ABA81372 /* Pods */,
				A2C6ACFF2772BB4D54BA2F15 /* Frameworks */,
			);
			sourceTree = "<group>";
		};
		A64196442140352B00F5F948 /* Products */ = {
			isa = PBXGroup;
			children = (
				A64196432140352B00F5F948 /* Flix.app */,
				A64196572140353D00F5F948 /* FlixTests.xctest */,
				A64196622140353E00F5F948 /* FlixUITests.xctest */,
			);
			name = Products;
			sourceTree = "<group>";
		};
		A64196452140352C00F5F948 /* Flix */ = {
			isa = PBXGroup;
			children = (
				A6D33207214F31D300B43A05 /* ViewControllers */,
				A6D33206214F317F00B43A05 /* Views */,
				A64196462140352C00F5F948 /* AppDelegate.swift */,
				A641964A2140352C00F5F948 /* Main.storyboard */,
				A641964D2140353C00F5F948 /* Assets.xcassets */,
				A641964F2140353C00F5F948 /* LaunchScreen.storyboard */,
				A64196522140353D00F5F948 /* Info.plist */,
			);
			path = Flix;
			sourceTree = "<group>";
		};
		A641965A2140353E00F5F948 /* FlixTests */ = {
			isa = PBXGroup;
			children = (
				A641965B2140353E00F5F948 /* FlixTests.swift */,
				A641965D2140353E00F5F948 /* Info.plist */,
			);
			path = FlixTests;
			sourceTree = "<group>";
		};
		A64196652140353E00F5F948 /* FlixUITests */ = {
			isa = PBXGroup;
			children = (
				A64196662140353E00F5F948 /* FlixUITests.swift */,
				A64196682140353E00F5F948 /* Info.plist */,
			);
			path = FlixUITests;
			sourceTree = "<group>";
		};
		A6D33206214F317F00B43A05 /* Views */ = {
			isa = PBXGroup;
			children = (
				A6F3E2312148BBC00038BA53 /* MovieCell.swift */,
			);
			path = Views;
			sourceTree = "<group>";
		};
		A6D33207214F31D300B43A05 /* ViewControllers */ = {
			isa = PBXGroup;
			children = (
				A641967421403D5B00F5F948 /* NowPlayingViewController.swift */,
			);
			path = ViewControllers;
			sourceTree = "<group>";
		};
/* End PBXGroup section */

/* Begin PBXNativeTarget section */
		A64196422140352B00F5F948 /* Flix */ = {
			isa = PBXNativeTarget;
			buildConfigurationList = A641966B2140353E00F5F948 /* Build configuration list for PBXNativeTarget "Flix" */;
			buildPhases = (
				2EE90A7B85D4128818B3EDD0 /* [CP] Check Pods Manifest.lock */,
				A641963F2140352B00F5F948 /* Sources */,
				A64196402140352B00F5F948 /* Frameworks */,
				A64196412140352B00F5F948 /* Resources */,
				213E456506E31F95A31F28D1 /* [CP] Embed Pods Frameworks */,
			);
			buildRules = (
			);
			dependencies = (
			);
			name = Flix;
			productName = Flix;
			productReference = A64196432140352B00F5F948 /* Flix.app */;
			productType = "com.apple.product-type.application";
		};
		A64196562140353D00F5F948 /* FlixTests */ = {
			isa = PBXNativeTarget;
			buildConfigurationList = A641966E2140353E00F5F948 /* Build configuration list for PBXNativeTarget "FlixTests" */;
			buildPhases = (
				663C90637F4806FD5DB41377 /* [CP] Check Pods Manifest.lock */,
				A64196532140353D00F5F948 /* Sources */,
				A64196542140353D00F5F948 /* Frameworks */,
				A64196552140353D00F5F948 /* Resources */,
			);
			buildRules = (
			);
			dependencies = (
				A64196592140353D00F5F948 /* PBXTargetDependency */,
			);
			name = FlixTests;
			productName = FlixTests;
			productReference = A64196572140353D00F5F948 /* FlixTests.xctest */;
			productType = "com.apple.product-type.bundle.unit-test";
		};
		A64196612140353E00F5F948 /* FlixUITests */ = {
			isa = PBXNativeTarget;
			buildConfigurationList = A64196712140353E00F5F948 /* Build configuration list for PBXNativeTarget "FlixUITests" */;
			buildPhases = (
				9592B1CA1FE42BE06833A959 /* [CP] Check Pods Manifest.lock */,
				A641965E2140353E00F5F948 /* Sources */,
				A641965F2140353E00F5F948 /* Frameworks */,
				A64196602140353E00F5F948 /* Resources */,
			);
			buildRules = (
			);
			dependencies = (
				A64196642140353E00F5F948 /* PBXTargetDependency */,
			);
			name = FlixUITests;
			productName = FlixUITests;
			productReference = A64196622140353E00F5F948 /* FlixUITests.xctest */;
			productType = "com.apple.product-type.bundle.ui-testing";
		};
/* End PBXNativeTarget section */

/* Begin PBXProject section */
		A641963B2140352B00F5F948 /* Project object */ = {
			isa = PBXProject;
			attributes = {
				LastSwiftUpdateCheck = 0940;
				LastUpgradeCheck = 0940;
				TargetAttributes = {
					A64196422140352B00F5F948 = {
						CreatedOnToolsVersion = 9.4.1;
					};
					A64196562140353D00F5F948 = {
						CreatedOnToolsVersion = 9.4.1;
						TestTargetID = A64196422140352B00F5F948;
					};
					A64196612140353E00F5F948 = {
						CreatedOnToolsVersion = 9.4.1;
						TestTargetID = A64196422140352B00F5F948;
					};
				};
			};
			buildConfigurationList = A641963E2140352B00F5F948 /* Build configuration list for PBXProject "Flix" */;
			compatibilityVersion = "Xcode 9.3";
			developmentRegion = en;
			hasScannedForEncodings = 0;
			knownRegions = (
				en,
				Base,
			);
			mainGroup = A641963A2140352B00F5F948;
			productRefGroup = A64196442140352B00F5F948 /* Products */;
			projectDirPath = "";
			projectRoot = "";
			targets = (
				A64196422140352B00F5F948 /* Flix */,
				A64196562140353D00F5F948 /* FlixTests */,
				A64196612140353E00F5F948 /* FlixUITests */,
			);
		};
/* End PBXProject section */

/* Begin PBXResourcesBuildPhase section */
		A64196412140352B00F5F948 /* Resources */ = {
			isa = PBXResourcesBuildPhase;
			buildActionMask = 2147483647;
			files = (
				A64196512140353C00F5F948 /* LaunchScreen.storyboard in Resources */,
				A641964E2140353C00F5F948 /* Assets.xcassets in Resources */,
				A641964C2140352C00F5F948 /* Main.storyboard in Resources */,
			);
			runOnlyForDeploymentPostprocessing = 0;
		};
		A64196552140353D00F5F948 /* Resources */ = {
			isa = PBXResourcesBuildPhase;
			buildActionMask = 2147483647;
			files = (
			);
			runOnlyForDeploymentPostprocessing = 0;
		};
		A64196602140353E00F5F948 /* Resources */ = {
			isa = PBXResourcesBuildPhase;
			buildActionMask = 2147483647;
			files = (
			);
			runOnlyForDeploymentPostprocessing = 0;
		};
/* End PBXResourcesBuildPhase section */

/* Begin PBXShellScriptBuildPhase section */
		213E456506E31F95A31F28D1 /* [CP] Embed Pods Frameworks */ = {
			isa = PBXShellScriptBuildPhase;
			buildActionMask = 2147483647;
			files = (
			);
			inputPaths = (
				"${SRCROOT}/Pods/Target Support Files/Pods-Flix/Pods-Flix-frameworks.sh",
				"${BUILT_PRODUCTS_DIR}/Alamofire/Alamofire.framework",
				"${BUILT_PRODUCTS_DIR}/AlamofireImage/AlamofireImage.framework",
			);
			name = "[CP] Embed Pods Frameworks";
			outputPaths = (
				"${TARGET_BUILD_DIR}/${FRAMEWORKS_FOLDER_PATH}/Alamofire.framework",
				"${TARGET_BUILD_DIR}/${FRAMEWORKS_FOLDER_PATH}/AlamofireImage.framework",
			);
			runOnlyForDeploymentPostprocessing = 0;
			shellPath = /bin/sh;
			shellScript = "\"${SRCROOT}/Pods/Target Support Files/Pods-Flix/Pods-Flix-frameworks.sh\"\n";
			showEnvVarsInLog = 0;
		};
		2EE90A7B85D4128818B3EDD0 /* [CP] Check Pods Manifest.lock */ = {
			isa = PBXShellScriptBuildPhase;
			buildActionMask = 2147483647;
			files = (
			);
			inputPaths = (
				"${PODS_PODFILE_DIR_PATH}/Podfile.lock",
				"${PODS_ROOT}/Manifest.lock",
			);
			name = "[CP] Check Pods Manifest.lock";
			outputPaths = (
				"$(DERIVED_FILE_DIR)/Pods-Flix-checkManifestLockResult.txt",
			);
			runOnlyForDeploymentPostprocessing = 0;
			shellPath = /bin/sh;
			shellScript = "diff \"${PODS_PODFILE_DIR_PATH}/Podfile.lock\" \"${PODS_ROOT}/Manifest.lock\" > /dev/null\nif [ $? != 0 ] ; then\n    # print error to STDERR\n    echo \"error: The sandbox is not in sync with the Podfile.lock. Run 'pod install' or update your CocoaPods installation.\" >&2\n    exit 1\nfi\n# This output is used by Xcode 'outputs' to avoid re-running this script phase.\necho \"SUCCESS\" > \"${SCRIPT_OUTPUT_FILE_0}\"\n";
			showEnvVarsInLog = 0;
		};
		663C90637F4806FD5DB41377 /* [CP] Check Pods Manifest.lock */ = {
			isa = PBXShellScriptBuildPhase;
			buildActionMask = 2147483647;
			files = (
			);
			inputPaths = (
				"${PODS_PODFILE_DIR_PATH}/Podfile.lock",
				"${PODS_ROOT}/Manifest.lock",
			);
			name = "[CP] Check Pods Manifest.lock";
			outputPaths = (
				"$(DERIVED_FILE_DIR)/Pods-FlixTests-checkManifestLockResult.txt",
			);
			runOnlyForDeploymentPostprocessing = 0;
			shellPath = /bin/sh;
			shellScript = "diff \"${PODS_PODFILE_DIR_PATH}/Podfile.lock\" \"${PODS_ROOT}/Manifest.lock\" > /dev/null\nif [ $? != 0 ] ; then\n    # print error to STDERR\n    echo \"error: The sandbox is not in sync with the Podfile.lock. Run 'pod install' or update your CocoaPods installation.\" >&2\n    exit 1\nfi\n# This output is used by Xcode 'outputs' to avoid re-running this script phase.\necho \"SUCCESS\" > \"${SCRIPT_OUTPUT_FILE_0}\"\n";
			showEnvVarsInLog = 0;
		};
		9592B1CA1FE42BE06833A959 /* [CP] Check Pods Manifest.lock */ = {
			isa = PBXShellScriptBuildPhase;
			buildActionMask = 2147483647;
			files = (
			);
			inputPaths = (
				"${PODS_PODFILE_DIR_PATH}/Podfile.lock",
				"${PODS_ROOT}/Manifest.lock",
			);
			name = "[CP] Check Pods Manifest.lock";
			outputPaths = (
				"$(DERIVED_FILE_DIR)/Pods-FlixUITests-checkManifestLockResult.txt",
			);
			runOnlyForDeploymentPostprocessing = 0;
			shellPath = /bin/sh;
			shellScript = "diff \"${PODS_PODFILE_DIR_PATH}/Podfile.lock\" \"${PODS_ROOT}/Manifest.lock\" > /dev/null\nif [ $? != 0 ] ; then\n    # print error to STDERR\n    echo \"error: The sandbox is not in sync with the Podfile.lock. Run 'pod install' or update your CocoaPods installation.\" >&2\n    exit 1\nfi\n# This output is used by Xcode 'outputs' to avoid re-running this script phase.\necho \"SUCCESS\" > \"${SCRIPT_OUTPUT_FILE_0}\"\n";
			showEnvVarsInLog = 0;
		};
/* End PBXShellScriptBuildPhase section */

/* Begin PBXSourcesBuildPhase section */
		A641963F2140352B00F5F948 /* Sources */ = {
			isa = PBXSourcesBuildPhase;
			buildActionMask = 2147483647;
			files = (
				A641967521403D5B00F5F948 /* NowPlayingViewController.swift in Sources */,
				A64196472140352C00F5F948 /* AppDelegate.swift in Sources */,
				A6F3E2322148BBC00038BA53 /* MovieCell.swift in Sources */,
			);
			runOnlyForDeploymentPostprocessing = 0;
		};
		A64196532140353D00F5F948 /* Sources */ = {
			isa = PBXSourcesBuildPhase;
			buildActionMask = 2147483647;
			files = (
				A641965C2140353E00F5F948 /* FlixTests.swift in Sources */,
			);
			runOnlyForDeploymentPostprocessing = 0;
		};
		A641965E2140353E00F5F948 /* Sources */ = {
			isa = PBXSourcesBuildPhase;
			buildActionMask = 2147483647;
			files = (
				A64196672140353E00F5F948 /* FlixUITests.swift in Sources */,
			);
			runOnlyForDeploymentPostprocessing = 0;
		};
/* End PBXSourcesBuildPhase section */

/* Begin PBXTargetDependency section */
		A64196592140353D00F5F948 /* PBXTargetDependency */ = {
			isa = PBXTargetDependency;
			target = A64196422140352B00F5F948 /* Flix */;
			targetProxy = A64196582140353D00F5F948 /* PBXContainerItemProxy */;
		};
		A64196642140353E00F5F948 /* PBXTargetDependency */ = {
			isa = PBXTargetDependency;
			target = A64196422140352B00F5F948 /* Flix */;
			targetProxy = A64196632140353E00F5F948 /* PBXContainerItemProxy */;
		};
/* End PBXTargetDependency section */

/* Begin PBXVariantGroup section */
		A641964A2140352C00F5F948 /* Main.storyboard */ = {
			isa = PBXVariantGroup;
			children = (
				A641964B2140352C00F5F948 /* Base */,
			);
			name = Main.storyboard;
			sourceTree = "<group>";
		};
		A641964F2140353C00F5F948 /* LaunchScreen.storyboard */ = {
			isa = PBXVariantGroup;
			children = (
				A64196502140353C00F5F948 /* Base */,
			);
			name = LaunchScreen.storyboard;
			sourceTree = "<group>";
		};
/* End PBXVariantGroup section */

/* Begin XCBuildConfiguration section */
		A64196692140353E00F5F948 /* Debug */ = {
			isa = XCBuildConfiguration;
			buildSettings = {
				ALWAYS_SEARCH_USER_PATHS = NO;
				CLANG_ANALYZER_NONNULL = YES;
				CLANG_ANALYZER_NUMBER_OBJECT_CONVERSION = YES_AGGRESSIVE;
				CLANG_CXX_LANGUAGE_STANDARD = "gnu++14";
				CLANG_CXX_LIBRARY = "libc++";
				CLANG_ENABLE_MODULES = YES;
				CLANG_ENABLE_OBJC_ARC = YES;
				CLANG_ENABLE_OBJC_WEAK = YES;
				CLANG_WARN_BLOCK_CAPTURE_AUTORELEASING = YES;
				CLANG_WARN_BOOL_CONVERSION = YES;
				CLANG_WARN_COMMA = YES;
				CLANG_WARN_CONSTANT_CONVERSION = YES;
				CLANG_WARN_DEPRECATED_OBJC_IMPLEMENTATIONS = YES;
				CLANG_WARN_DIRECT_OBJC_ISA_USAGE = YES_ERROR;
				CLANG_WARN_DOCUMENTATION_COMMENTS = YES;
				CLANG_WARN_EMPTY_BODY = YES;
				CLANG_WARN_ENUM_CONVERSION = YES;
				CLANG_WARN_INFINITE_RECURSION = YES;
				CLANG_WARN_INT_CONVERSION = YES;
				CLANG_WARN_NON_LITERAL_NULL_CONVERSION = YES;
				CLANG_WARN_OBJC_IMPLICIT_RETAIN_SELF = YES;
				CLANG_WARN_OBJC_LITERAL_CONVERSION = YES;
				CLANG_WARN_OBJC_ROOT_CLASS = YES_ERROR;
				CLANG_WARN_RANGE_LOOP_ANALYSIS = YES;
				CLANG_WARN_STRICT_PROTOTYPES = YES;
				CLANG_WARN_SUSPICIOUS_MOVE = YES;
				CLANG_WARN_UNGUARDED_AVAILABILITY = YES_AGGRESSIVE;
				CLANG_WARN_UNREACHABLE_CODE = YES;
				CLANG_WARN__DUPLICATE_METHOD_MATCH = YES;
				CODE_SIGN_IDENTITY = "iPhone Developer";
				COPY_PHASE_STRIP = NO;
				DEBUG_INFORMATION_FORMAT = dwarf;
				ENABLE_STRICT_OBJC_MSGSEND = YES;
				ENABLE_TESTABILITY = YES;
				GCC_C_LANGUAGE_STANDARD = gnu11;
				GCC_DYNAMIC_NO_PIC = NO;
				GCC_NO_COMMON_BLOCKS = YES;
				GCC_OPTIMIZATION_LEVEL = 0;
				GCC_PREPROCESSOR_DEFINITIONS = (
					"DEBUG=1",
					"$(inherited)",
				);
				GCC_WARN_64_TO_32_BIT_CONVERSION = YES;
				GCC_WARN_ABOUT_RETURN_TYPE = YES_ERROR;
				GCC_WARN_UNDECLARED_SELECTOR = YES;
				GCC_WARN_UNINITIALIZED_AUTOS = YES_AGGRESSIVE;
				GCC_WARN_UNUSED_FUNCTION = YES;
				GCC_WARN_UNUSED_VARIABLE = YES;
				IPHONEOS_DEPLOYMENT_TARGET = 11.4;
				MTL_ENABLE_DEBUG_INFO = YES;
				ONLY_ACTIVE_ARCH = YES;
				SDKROOT = iphoneos;
				SWIFT_ACTIVE_COMPILATION_CONDITIONS = DEBUG;
				SWIFT_OPTIMIZATION_LEVEL = "-Onone";
			};
			name = Debug;
		};
		A641966A2140353E00F5F948 /* Release */ = {
			isa = XCBuildConfiguration;
			buildSettings = {
				ALWAYS_SEARCH_USER_PATHS = NO;
				CLANG_ANALYZER_NONNULL = YES;
				CLANG_ANALYZER_NUMBER_OBJECT_CONVERSION = YES_AGGRESSIVE;
				CLANG_CXX_LANGUAGE_STANDARD = "gnu++14";
				CLANG_CXX_LIBRARY = "libc++";
				CLANG_ENABLE_MODULES = YES;
				CLANG_ENABLE_OBJC_ARC = YES;
				CLANG_ENABLE_OBJC_WEAK = YES;
				CLANG_WARN_BLOCK_CAPTURE_AUTORELEASING = YES;
				CLANG_WARN_BOOL_CONVERSION = YES;
				CLANG_WARN_COMMA = YES;
				CLANG_WARN_CONSTANT_CONVERSION = YES;
				CLANG_WARN_DEPRECATED_OBJC_IMPLEMENTATIONS = YES;
				CLANG_WARN_DIRECT_OBJC_ISA_USAGE = YES_ERROR;
				CLANG_WARN_DOCUMENTATION_COMMENTS = YES;
				CLANG_WARN_EMPTY_BODY = YES;
				CLANG_WARN_ENUM_CONVERSION = YES;
				CLANG_WARN_INFINITE_RECURSION = YES;
				CLANG_WARN_INT_CONVERSION = YES;
				CLANG_WARN_NON_LITERAL_NULL_CONVERSION = YES;
				CLANG_WARN_OBJC_IMPLICIT_RETAIN_SELF = YES;
				CLANG_WARN_OBJC_LITERAL_CONVERSION = YES;
				CLANG_WARN_OBJC_ROOT_CLASS = YES_ERROR;
				CLANG_WARN_RANGE_LOOP_ANALYSIS = YES;
				CLANG_WARN_STRICT_PROTOTYPES = YES;
				CLANG_WARN_SUSPICIOUS_MOVE = YES;
				CLANG_WARN_UNGUARDED_AVAILABILITY = YES_AGGRESSIVE;
				CLANG_WARN_UNREACHABLE_CODE = YES;
				CLANG_WARN__DUPLICATE_METHOD_MATCH = YES;
				CODE_SIGN_IDENTITY = "iPhone Developer";
				COPY_PHASE_STRIP = NO;
				DEBUG_INFORMATION_FORMAT = "dwarf-with-dsym";
				ENABLE_NS_ASSERTIONS = NO;
				ENABLE_STRICT_OBJC_MSGSEND = YES;
				GCC_C_LANGUAGE_STANDARD = gnu11;
				GCC_NO_COMMON_BLOCKS = YES;
				GCC_WARN_64_TO_32_BIT_CONVERSION = YES;
				GCC_WARN_ABOUT_RETURN_TYPE = YES_ERROR;
				GCC_WARN_UNDECLARED_SELECTOR = YES;
				GCC_WARN_UNINITIALIZED_AUTOS = YES_AGGRESSIVE;
				GCC_WARN_UNUSED_FUNCTION = YES;
				GCC_WARN_UNUSED_VARIABLE = YES;
				IPHONEOS_DEPLOYMENT_TARGET = 11.4;
				MTL_ENABLE_DEBUG_INFO = NO;
				SDKROOT = iphoneos;
				SWIFT_COMPILATION_MODE = wholemodule;
				SWIFT_OPTIMIZATION_LEVEL = "-O";
				VALIDATE_PRODUCT = YES;
			};
			name = Release;
		};
		A641966C2140353E00F5F948 /* Debug */ = {
			isa = XCBuildConfiguration;
			baseConfigurationReference = A0989F69CC8B2D473097657C /* Pods-Flix.debug.xcconfig */;
			buildSettings = {
				ASSETCATALOG_COMPILER_APPICON_NAME = AppIcon;
				CODE_SIGN_STYLE = Automatic;
				INFOPLIST_FILE = Flix/Info.plist;
				LD_RUNPATH_SEARCH_PATHS = (
					"$(inherited)",
					"@executable_path/Frameworks",
				);
				PRODUCT_BUNDLE_IDENTIFIER = com.csumb.Flix;
				PRODUCT_NAME = "$(TARGET_NAME)";
				SWIFT_VERSION = 4.0;
				TARGETED_DEVICE_FAMILY = "1,2";
			};
			name = Debug;
		};
		A641966D2140353E00F5F948 /* Release */ = {
			isa = XCBuildConfiguration;
			baseConfigurationReference = 0705E9AA69F5935A096AE29C /* Pods-Flix.release.xcconfig */;
			buildSettings = {
				ASSETCATALOG_COMPILER_APPICON_NAME = AppIcon;
				CODE_SIGN_STYLE = Automatic;
				INFOPLIST_FILE = Flix/Info.plist;
				LD_RUNPATH_SEARCH_PATHS = (
					"$(inherited)",
					"@executable_path/Frameworks",
				);
				PRODUCT_BUNDLE_IDENTIFIER = com.csumb.Flix;
				PRODUCT_NAME = "$(TARGET_NAME)";
				SWIFT_VERSION = 4.0;
				TARGETED_DEVICE_FAMILY = "1,2";
			};
			name = Release;
		};
		A641966F2140353E00F5F948 /* Debug */ = {
			isa = XCBuildConfiguration;
			baseConfigurationReference = 2BC96A302D69E3ED949D0B06 /* Pods-FlixTests.debug.xcconfig */;
			buildSettings = {
				ALWAYS_EMBED_SWIFT_STANDARD_LIBRARIES = YES;
				BUNDLE_LOADER = "$(TEST_HOST)";
				CODE_SIGN_STYLE = Automatic;
				INFOPLIST_FILE = FlixTests/Info.plist;
				LD_RUNPATH_SEARCH_PATHS = (
					"$(inherited)",
					"@executable_path/Frameworks",
					"@loader_path/Frameworks",
				);
				PRODUCT_BUNDLE_IDENTIFIER = com.csumb.FlixTests;
				PRODUCT_NAME = "$(TARGET_NAME)";
				SWIFT_VERSION = 4.0;
				TARGETED_DEVICE_FAMILY = "1,2";
				TEST_HOST = "$(BUILT_PRODUCTS_DIR)/Flix.app/Flix";
			};
			name = Debug;
		};
		A64196702140353E00F5F948 /* Release */ = {
			isa = XCBuildConfiguration;
			baseConfigurationReference = 78799AAC861F76C00DE21CA1 /* Pods-FlixTests.release.xcconfig */;
			buildSettings = {
				ALWAYS_EMBED_SWIFT_STANDARD_LIBRARIES = YES;
				BUNDLE_LOADER = "$(TEST_HOST)";
				CODE_SIGN_STYLE = Automatic;
				INFOPLIST_FILE = FlixTests/Info.plist;
				LD_RUNPATH_SEARCH_PATHS = (
					"$(inherited)",
					"@executable_path/Frameworks",
					"@loader_path/Frameworks",
				);
				PRODUCT_BUNDLE_IDENTIFIER = com.csumb.FlixTests;
				PRODUCT_NAME = "$(TARGET_NAME)";
				SWIFT_VERSION = 4.0;
				TARGETED_DEVICE_FAMILY = "1,2";
				TEST_HOST = "$(BUILT_PRODUCTS_DIR)/Flix.app/Flix";
			};
			name = Release;
		};
		A64196722140353E00F5F948 /* Debug */ = {
			isa = XCBuildConfiguration;
			baseConfigurationReference = 3A6FCFDAC6499475C6A2ED29 /* Pods-FlixUITests.debug.xcconfig */;
			buildSettings = {
				ALWAYS_EMBED_SWIFT_STANDARD_LIBRARIES = YES;
				CODE_SIGN_STYLE = Automatic;
				INFOPLIST_FILE = FlixUITests/Info.plist;
				LD_RUNPATH_SEARCH_PATHS = (
					"$(inherited)",
					"@executable_path/Frameworks",
					"@loader_path/Frameworks",
				);
				PRODUCT_BUNDLE_IDENTIFIER = com.csumb.FlixUITests;
				PRODUCT_NAME = "$(TARGET_NAME)";
				SWIFT_VERSION = 4.0;
				TARGETED_DEVICE_FAMILY = "1,2";
				TEST_TARGET_NAME = Flix;
			};
			name = Debug;
		};
		A64196732140353E00F5F948 /* Release */ = {
			isa = XCBuildConfiguration;
			baseConfigurationReference = 166B5CD9BE162842D4320EFC /* Pods-FlixUITests.release.xcconfig */;
			buildSettings = {
				ALWAYS_EMBED_SWIFT_STANDARD_LIBRARIES = YES;
				CODE_SIGN_STYLE = Automatic;
				INFOPLIST_FILE = FlixUITests/Info.plist;
				LD_RUNPATH_SEARCH_PATHS = (
					"$(inherited)",
					"@executable_path/Frameworks",
					"@loader_path/Frameworks",
				);
				PRODUCT_BUNDLE_IDENTIFIER = com.csumb.FlixUITests;
				PRODUCT_NAME = "$(TARGET_NAME)";
				SWIFT_VERSION = 4.0;
				TARGETED_DEVICE_FAMILY = "1,2";
				TEST_TARGET_NAME = Flix;
			};
			name = Release;
		};
/* End XCBuildConfiguration section */

/* Begin XCConfigurationList section */
		A641963E2140352B00F5F948 /* Build configuration list for PBXProject "Flix" */ = {
			isa = XCConfigurationList;
			buildConfigurations = (
				A64196692140353E00F5F948 /* Debug */,
				A641966A2140353E00F5F948 /* Release */,
			);
			defaultConfigurationIsVisible = 0;
			defaultConfigurationName = Release;
		};
		A641966B2140353E00F5F948 /* Build configuration list for PBXNativeTarget "Flix" */ = {
			isa = XCConfigurationList;
			buildConfigurations = (
				A641966C2140353E00F5F948 /* Debug */,
				A641966D2140353E00F5F948 /* Release */,
			);
			defaultConfigurationIsVisible = 0;
			defaultConfigurationName = Release;
		};
		A641966E2140353E00F5F948 /* Build configuration list for PBXNativeTarget "FlixTests" */ = {
			isa = XCConfigurationList;
			buildConfigurations = (
				A641966F2140353E00F5F948 /* Debug */,
				A64196702140353E00F5F948 /* Release */,
			);
			defaultConfigurationIsVisible = 0;
			defaultConfigurationName = Release;
		};
		A64196712140353E00F5F948 /* Build configuration list for PBXNativeTarget "FlixUITests" */ = {
			isa = XCConfigurationList;
			buildConfigurations = (
				A64196722140353E00F5F948 /* Debug */,
				A64196732140353E00F5F948 /* Release */,
			);
			defaultConfigurationIsVisible = 0;
			defaultConfigurationName = Release;
		};
/* End XCConfigurationList section */
	};
	rootObject = A641963B2140352B00F5F948 /* Project object */;
}
